
Microsoft Visual Studio Solution File, Format Version 12.00
# Visual Studio Version 16
VisualStudioVersion = 16.0.31205.134
MinimumVisualStudioVersion = 10.0.40219.1
Project("{9A19103F-16F7-4668-BE54-9A1E7A4F7556}") = "JwtDemo", "JwtDemo\JwtDemo.csproj", "{89ABF4FE-3E19-4F96-8BDC-71C55BCF34DA}"
EndProject
Project("{9A19103F-16F7-4668-BE54-9A1E7A4F7556}") = "DotNetCore.Authentication.JwtBearer", "DotNetCore.Authentication.JwtBearer\DotNetCore.Authentication.JwtBearer.csproj", "{AF629F6E-4BCF-48F2-BBD2-E9056A6FCC41}"
EndProject
Global
	GlobalSection(SolutionConfigurationPlatforms) = preSolution
		Debug|Any CPU = Debug|Any CPU
		Release|Any CPU = Release|Any CPU
	EndGlobalSection
	GlobalSection(ProjectConfigurationPlatforms) = postSolution
		{89ABF4FE-3E19-4F96-8BDC-71C55BCF34DA}.Debug|Any CPU.ActiveCfg = Debug|Any CPU
		{89ABF4FE-3E19-4F96-8BDC-71C55BCF34DA}.Debug|Any CPU.Build.0 = Debug|Any CPU
		{89ABF4FE-3E19-4F96-8BDC-71C55BCF34DA}.Release|Any CPU.ActiveCfg = Release|Any CPU
		{89ABF4FE-3E19-4F96-8BDC-71C55BCF34DA}.Release|Any CPU.Build.0 = Release|Any CPU
		{AF629F6E-4BCF-48F2-BBD2-E9056A6FCC41}.Debug|Any CPU.ActiveCfg = Debug|Any CPU
		{AF629F6E-4BCF-48F2-BBD2-E9056A6FCC41}.Debug|Any CPU.Build.0 = Debug|Any CPU
		{AF629F6E-4BCF-48F2-BBD2-E9056A6FCC41}.Release|Any CPU.ActiveCfg = Release|Any CPU
		{AF629F6E-4BCF-48F2-BBD2-E9056A6FCC41}.Release|Any CPU.Build.0 = Release|Any CPU
	EndGlobalSection
	GlobalSection(SolutionProperties) = preSolution
		HideSolutionNode = FALSE
	EndGlobalSection
	GlobalSection(ExtensibilityGlobals) = postSolution
		SolutionGuid = {4DC1F1E6-8566-4243-A34A-E565E1BE9879}
	EndGlobalSection
EndGlobal
